
Terraform used the selected providers to generate the following execution
plan. Resource actions are indicated with the following symbols:
  + create
-/+ destroy and then create replacement

Terraform will perform the following actions:

  # aws_instance.web_server_1 will be created
  + resource "aws_instance" "web_server_1" {
      + ami                                  = "ami-0c33fcb753a7176f6"
      + arn                                  = (known after apply)
      + associate_public_ip_address          = (known after apply)
      + availability_zone                    = (known after apply)
      + disable_api_stop                     = (known after apply)
      + disable_api_termination              = (known after apply)
      + ebs_optimized                        = (known after apply)
      + enable_primary_ipv6                  = (known after apply)
      + force_destroy                        = false
      + get_password_data                    = false
      + host_id                              = (known after apply)
      + host_resource_group_arn              = (known after apply)
      + iam_instance_profile                 = (known after apply)
      + id                                   = (known after apply)
      + instance_initiated_shutdown_behavior = (known after apply)
      + instance_lifecycle                   = (known after apply)
      + instance_state                       = (known after apply)
      + instance_type                        = "t2.micro"
      + ipv6_address_count                   = (known after apply)
      + ipv6_addresses                       = (known after apply)
      + key_name                             = "n8nclaves"
      + monitoring                           = (known after apply)
      + outpost_arn                          = (known after apply)
      + password_data                        = (known after apply)
      + placement_group                      = (known after apply)
      + placement_group_id                   = (known after apply)
      + placement_partition_number           = (known after apply)
      + primary_network_interface_id         = (known after apply)
      + private_dns                          = (known after apply)
      + private_ip                           = (known after apply)
      + public_dns                           = (known after apply)
      + public_ip                            = (known after apply)
      + region                               = "eu-north-1"
      + secondary_private_ips                = (known after apply)
      + security_groups                      = (known after apply)
      + source_dest_check                    = true
      + spot_instance_request_id             = (known after apply)
      + subnet_id                            = (known after apply)
      + tags                                 = {
          + "Environment" = "dev"
          + "Name"        = "prueba-web-server-1"
          + "Owner"       = "automacion"
          + "Project"     = "prueba"
        }
      + tags_all                             = {
          + "Environment" = "dev"
          + "Name"        = "prueba-web-server-1"
          + "Owner"       = "automacion"
          + "Project"     = "prueba"
        }
      + tenancy                              = (known after apply)
      + user_data_base64                     = (known after apply)
      + user_data_replace_on_change          = false
      + vpc_security_group_ids               = [
          + "sg-0384ec0d8b412a6aa",
        ]

      + capacity_reservation_specification (known after apply)

      + cpu_options (known after apply)

      + ebs_block_device (known after apply)

      + enclave_options (known after apply)

      + ephemeral_block_device (known after apply)

      + instance_market_options (known after apply)

      + maintenance_options (known after apply)

      + metadata_options (known after apply)

      + network_interface (known after apply)

      + primary_network_interface (known after apply)

      + private_dns_name_options (known after apply)

      + root_block_device (known after apply)
    }

  # aws_instance.web_server_2 will be created
  + resource "aws_instance" "web_server_2" {
      + ami                                  = "ami-0c33fcb753a7176f6"
      + arn                                  = (known after apply)
      + associate_public_ip_address          = (known after apply)
      + availability_zone                    = (known after apply)
      + disable_api_stop                     = (known after apply)
      + disable_api_termination              = (known after apply)
      + ebs_optimized                        = (known after apply)
      + enable_primary_ipv6                  = (known after apply)
      + force_destroy                        = false
      + get_password_data                    = false
      + host_id                              = (known after apply)
      + host_resource_group_arn              = (known after apply)
      + iam_instance_profile                 = (known after apply)
      + id                                   = (known after apply)
      + instance_initiated_shutdown_behavior = (known after apply)
      + instance_lifecycle                   = (known after apply)
      + instance_state                       = (known after apply)
      + instance_type                        = "t2.micro"
      + ipv6_address_count                   = (known after apply)
      + ipv6_addresses                       = (known after apply)
      + key_name                             = "n8nclaves"
      + monitoring                           = (known after apply)
      + outpost_arn                          = (known after apply)
      + password_data                        = (known after apply)
      + placement_group                      = (known after apply)
      + placement_group_id                   = (known after apply)
      + placement_partition_number           = (known after apply)
      + primary_network_interface_id         = (known after apply)
      + private_dns                          = (known after apply)
      + private_ip                           = (known after apply)
      + public_dns                           = (known after apply)
      + public_ip                            = (known after apply)
      + region                               = "eu-north-1"
      + secondary_private_ips                = (known after apply)
      + security_groups                      = (known after apply)
      + source_dest_check                    = true
      + spot_instance_request_id             = (known after apply)
      + subnet_id                            = (known after apply)
      + tags                                 = {
          + "Environment" = "dev"
          + "Name"        = "prueba-web-server-2"
          + "Owner"       = "automacion"
          + "Project"     = "prueba"
        }
      + tags_all                             = {
          + "Environment" = "dev"
          + "Name"        = "prueba-web-server-2"
          + "Owner"       = "automacion"
          + "Project"     = "prueba"
        }
      + tenancy                              = (known after apply)
      + user_data_base64                     = (known after apply)
      + user_data_replace_on_change          = false
      + vpc_security_group_ids               = [
          + "sg-0384ec0d8b412a6aa",
        ]

      + capacity_reservation_specification (known after apply)

      + cpu_options (known after apply)

      + ebs_block_device (known after apply)

      + enclave_options (known after apply)

      + ephemeral_block_device (known after apply)

      + instance_market_options (known after apply)

      + maintenance_options (known after apply)

      + metadata_options (known after apply)

      + network_interface (known after apply)

      + primary_network_interface (known after apply)

      + private_dns_name_options (known after apply)

      + root_block_device (known after apply)
    }

  # aws_subnet.public_1 is tainted, so must be replaced
-/+ resource "aws_subnet" "public_1" {
      ~ arn                                            = "arn:aws:ec2:eu-north-1:184425327828:subnet/subnet-0113461d15d14aa21" -> (known after apply)
      ~ availability_zone_id                           = "eun1-az1" -> (known after apply)
      - enable_lni_at_device_index                     = 0 -> null
      ~ id                                             = "subnet-0113461d15d14aa21" -> (known after apply)
      + ipv6_cidr_block_association_id                 = (known after apply)
      - map_customer_owned_ip_on_launch                = false -> null
      ~ map_public_ip_on_launch                        = false -> true
      ~ owner_id                                       = "184425327828" -> (known after apply)
      ~ private_dns_hostname_type_on_launch            = "ip-name" -> (known after apply)
        tags                                           = {
            "Environment" = "dev"
            "Name"        = "prueba-public-subnet-1"
            "Owner"       = "automacion"
            "Project"     = "prueba"
        }
        # (13 unchanged attributes hidden)
    }

  # aws_subnet.public_2 is tainted, so must be replaced
-/+ resource "aws_subnet" "public_2" {
      ~ arn                                            = "arn:aws:ec2:eu-north-1:184425327828:subnet/subnet-0c0c4d30b1907447a" -> (known after apply)
      ~ availability_zone_id                           = "eun1-az2" -> (known after apply)
      - enable_lni_at_device_index                     = 0 -> null
      ~ id                                             = "subnet-0c0c4d30b1907447a" -> (known after apply)
      + ipv6_cidr_block_association_id                 = (known after apply)
      - map_customer_owned_ip_on_launch                = false -> null
      ~ map_public_ip_on_launch                        = false -> true
      ~ owner_id                                       = "184425327828" -> (known after apply)
      ~ private_dns_hostname_type_on_launch            = "ip-name" -> (known after apply)
        tags                                           = {
            "Environment" = "dev"
            "Name"        = "prueba-public-subnet-2"
            "Owner"       = "automacion"
            "Project"     = "prueba"
        }
        # (13 unchanged attributes hidden)
    }

Plan: 4 to add, 0 to change, 2 to destroy.
